// !$*UTF8*$!
{
	archiveVersion = 1;
	classes = {
	};
	objectVersion = 77;
	objects = {

/* Begin PBXContainerItemProxy section */
		F63395502D812CC800E1BBF6 /* PBXContainerItemProxy */ = {
			isa = PBXContainerItemProxy;
			containerPortal = F63395312D812CC700E1BBF6 /* Project object */;
			proxyType = 1;
			remoteGlobalIDString = F63395382D812CC700E1BBF6;
			remoteInfo = MVVMCStudy;
		};
		F633955A2D812CC800E1BBF6 /* PBXContainerItemProxy */ = {
			isa = PBXContainerItemProxy;
			containerPortal = F63395312D812CC700E1BBF6 /* Project object */;
			proxyType = 1;
			remoteGlobalIDString = F63395382D812CC700E1BBF6;
			remoteInfo = MVVMCStudy;
		};
/* End PBXContainerItemProxy section */

/* Begin PBXFileReference section */
		F63395392D812CC700E1BBF6 /* MVVMCStudy.app */ = {isa = PBXFileReference; explicitFileType = wrapper.application; includeInIndex = 0; path = MVVMCStudy.app; sourceTree = BUILT_PRODUCTS_DIR; };
		F633954F2D812CC800E1BBF6 /* MVVMCStudyTests.xctest */ = {isa = PBXFileReference; explicitFileType = wrapper.cfbundle; includeInIndex = 0; path = MVVMCStudyTests.xctest; sourceTree = BUILT_PRODUCTS_DIR; };
		F63395592D812CC800E1BBF6 /* MVVMCStudyUITests.xctest */ = {isa = PBXFileReference; explicitFileType = wrapper.cfbundle; includeInIndex = 0; path = MVVMCStudyUITests.xctest; sourceTree = BUILT_PRODUCTS_DIR; };
/* End PBXFileReference section */

/* Begin PBXFileSystemSynchronizedBuildFileExceptionSet section */
		F63395612D812CC800E1BBF6 /* Exceptions for "MVVMCStudy" folder in "MVVMCStudy" target */ = {
			isa = PBXFileSystemSynchronizedBuildFileExceptionSet;
			membershipExceptions = (
				Info.plist,
			);
			target = F63395382D812CC700E1BBF6 /* MVVMCStudy */;
		};
/* End PBXFileSystemSynchronizedBuildFileExceptionSet section */

/* Begin PBXFileSystemSynchronizedRootGroup section */
		F633953B2D812CC700E1BBF6 /* MVVMCStudy */ = {
			isa = PBXFileSystemSynchronizedRootGroup;
			exceptions = (
				F63395612D812CC800E1BBF6 /* Exceptions for "MVVMCStudy" folder in "MVVMCStudy" target */,
			);
			path = MVVMCStudy;
			sourceTree = "<group>";
		};
		F63395522D812CC800E1BBF6 /* MVVMCStudyTests */ = {
			isa = PBXFileSystemSynchronizedRootGroup;
			path = MVVMCStudyTests;
			sourceTree = "<group>";
		};
		F633955C2D812CC800E1BBF6 /* MVVMCStudyUITests */ = {
			isa = PBXFileSystemSynchronizedRootGroup;
			path = MVVMCStudyUITests;
			sourceTree = "<group>";
		};
/* End PBXFileSystemSynchronizedRootGroup section */

/* Begin PBXFrameworksBuildPhase section */
		F63395362D812CC700E1BBF6 /* Frameworks */ = {
			isa = PBXFrameworksBuildPhase;
			buildActionMask = 2147483647;
			files = (
			);
			runOnlyForDeploymentPostprocessing = 0;
		};
		F633954C2D812CC800E1BBF6 /* Frameworks */ = {
			isa = PBXFrameworksBuildPhase;
			buildActionMask = 2147483647;
			files = (
			);
			runOnlyForDeploymentPostprocessing = 0;
		};
		F63395562D812CC800E1BBF6 /* Frameworks */ = {
			isa = PBXFrameworksBuildPhase;
			buildActionMask = 2147483647;
			files = (
			);
			runOnlyForDeploymentPostprocessing = 0;
		};
/* End PBXFrameworksBuildPhase section */

/* Begin PBXGroup section */
		F63395302D812CC700E1BBF6 = {
			isa = PBXGroup;
			children = (
				F633953B2D812CC700E1BBF6 /* MVVMCStudy */,
				F63395522D812CC800E1BBF6 /* MVVMCStudyTests */,
				F633955C2D812CC800E1BBF6 /* MVVMCStudyUITests */,
				F633953A2D812CC700E1BBF6 /* Products */,
			);
			sourceTree = "<group>";
		};
		F633953A2D812CC700E1BBF6 /* Products */ = {
			isa = PBXGroup;
			children = (
				F63395392D812CC700E1BBF6 /* MVVMCStudy.app */,
				F633954F2D812CC800E1BBF6 /* MVVMCStudyTests.xctest */,
				F63395592D812CC800E1BBF6 /* MVVMCStudyUITests.xctest */,
			);
			name = Products;
			sourceTree = "<group>";
		};
/* End PBXGroup section */

/* Begin PBXNativeTarget section */
		F63395382D812CC700E1BBF6 /* MVVMCStudy */ = {
			isa = PBXNativeTarget;
			buildConfigurationList = F63395622D812CC800E1BBF6 /* Build configuration list for PBXNativeTarget "MVVMCStudy" */;
			buildPhases = (
				F63395352D812CC700E1BBF6 /* Sources */,
				F63395362D812CC700E1BBF6 /* Frameworks */,
				F63395372D812CC700E1BBF6 /* Resources */,
			);
			buildRules = (
			);
			dependencies = (
			);
			fileSystemSynchronizedGroups = (
				F633953B2D812CC700E1BBF6 /* MVVMCStudy */,
			);
			name = MVVMCStudy;
			packageProductDependencies = (
			);
			productName = MVVMCStudy;
			productReference = F63395392D812CC700E1BBF6 /* MVVMCStudy.app */;
			productType = "com.apple.product-type.application";
		};
		F633954E2D812CC800E1BBF6 /* MVVMCStudyTests */ = {
			isa = PBXNativeTarget;
			buildConfigurationList = F63395672D812CC800E1BBF6 /* Build configuration list for PBXNativeTarget "MVVMCStudyTests" */;
			buildPhases = (
				F633954B2D812CC800E1BBF6 /* Sources */,
				F633954C2D812CC800E1BBF6 /* Frameworks */,
				F633954D2D812CC800E1BBF6 /* Resources */,
			);
			buildRules = (
			);
			dependencies = (
				F63395512D812CC800E1BBF6 /* PBXTargetDependency */,
			);
			fileSystemSynchronizedGroups = (
				F63395522D812CC800E1BBF6 /* MVVMCStudyTests */,
			);
			name = MVVMCStudyTests;
			packageProductDependencies = (
			);
			productName = MVVMCStudyTests;
			productReference = F633954F2D812CC800E1BBF6 /* MVVMCStudyTests.xctest */;
			productType = "com.apple.product-type.bundle.unit-test";
		};
		F63395582D812CC800E1BBF6 /* MVVMCStudyUITests */ = {
			isa = PBXNativeTarget;
			buildConfigurationList = F633956A2D812CC800E1BBF6 /* Build configuration list for PBXNativeTarget "MVVMCStudyUITests" */;
			buildPhases = (
				F63395552D812CC800E1BBF6 /* Sources */,
				F63395562D812CC800E1BBF6 /* Frameworks */,
				F63395572D812CC800E1BBF6 /* Resources */,
			);
			buildRules = (
			);
			dependencies = (
				F633955B2D812CC800E1BBF6 /* PBXTargetDependency */,
			);
			fileSystemSynchronizedGroups = (
				F633955C2D812CC800E1BBF6 /* MVVMCStudyUITests */,
			);
			name = MVVMCStudyUITests;
			packageProductDependencies = (
			);
			productName = MVVMCStudyUITests;
			productReference = F63395592D812CC800E1BBF6 /* MVVMCStudyUITests.xctest */;
			productType = "com.apple.product-type.bundle.ui-testing";
		};
/* End PBXNativeTarget section */

/* Begin PBXProject section */
		F63395312D812CC700E1BBF6 /* Project object */ = {
			isa = PBXProject;
			attributes = {
				BuildIndependentTargetsInParallel = 1;
				LastSwiftUpdateCheck = 1620;
				LastUpgradeCheck = 1620;
				TargetAttributes = {
					F63395382D812CC700E1BBF6 = {
						CreatedOnToolsVersion = 16.2;
					};
					F633954E2D812CC800E1BBF6 = {
						CreatedOnToolsVersion = 16.2;
						TestTargetID = F63395382D812CC700E1BBF6;
					};
					F63395582D812CC800E1BBF6 = {
						CreatedOnToolsVersion = 16.2;
						TestTargetID = F63395382D812CC700E1BBF6;
					};
				};
			};
			buildConfigurationList = F63395342D812CC700E1BBF6 /* Build configuration list for PBXProject "MVVMCStudy" */;
			developmentRegion = en;
			hasScannedForEncodings = 0;
			knownRegions = (
				en,
				Base,
			);
			mainGroup = F63395302D812CC700E1BBF6;
			minimizedProjectReferenceProxies = 1;
			preferredProjectObjectVersion = 77;
			productRefGroup = F633953A2D812CC700E1BBF6 /* Products */;
			projectDirPath = "";
			projectRoot = "";
			targets = (
				F63395382D812CC700E1BBF6 /* MVVMCStudy */,
				F633954E2D812CC800E1BBF6 /* MVVMCStudyTests */,
				F63395582D812CC800E1BBF6 /* MVVMCStudyUITests */,
			);
		};
/* End PBXProject section */

/* Begin PBXResourcesBuildPhase section */
		F63395372D812CC700E1BBF6 /* Resources */ = {
			isa = PBXResourcesBuildPhase;
			buildActionMask = 2147483647;
			files = (
			);
			runOnlyForDeploymentPostprocessing = 0;
		};
		F633954D2D812CC800E1BBF6 /* Resources */ = {
			isa = PBXResourcesBuildPhase;
			buildActionMask = 2147483647;
			files = (
			);
			runOnlyForDeploymentPostprocessing = 0;
		};
		F63395572D812CC800E1BBF6 /* Resources */ = {
			isa = PBXResourcesBuildPhase;
			buildActionMask = 2147483647;
			files = (
			);
			runOnlyForDeploymentPostprocessing = 0;
		};
/* End PBXResourcesBuildPhase section */

/* Begin PBXSourcesBuildPhase section */
		F63395352D812CC700E1BBF6 /* Sources */ = {
			isa = PBXSourcesBuildPhase;
			buildActionMask = 2147483647;
			files = (
			);
			runOnlyForDeploymentPostprocessing = 0;
		};
		F633954B2D812CC800E1BBF6 /* Sources */ = {
			isa = PBXSourcesBuildPhase;
			buildActionMask = 2147483647;
			files = (
			);
			runOnlyForDeploymentPostprocessing = 0;
		};
		F63395552D812CC800E1BBF6 /* Sources */ = {
			isa = PBXSourcesBuildPhase;
			buildActionMask = 2147483647;
			files = (
			);
			runOnlyForDeploymentPostprocessing = 0;
		};
/* End PBXSourcesBuildPhase section */

/* Begin PBXTargetDependency section */
		F63395512D812CC800E1BBF6 /* PBXTargetDependency */ = {
			isa = PBXTargetDependency;
			target = F63395382D812CC700E1BBF6 /* MVVMCStudy */;
			targetProxy = F63395502D812CC800E1BBF6 /* PBXContainerItemProxy */;
		};
		F633955B2D812CC800E1BBF6 /* PBXTargetDependency */ = {
			isa = PBXTargetDependency;
			target = F63395382D812CC700E1BBF6 /* MVVMCStudy */;
			targetProxy = F633955A2D812CC800E1BBF6 /* PBXContainerItemProxy */;
		};
/* End PBXTargetDependency section */

/* Begin XCBuildConfiguration section */
		F63395632D812CC800E1BBF6 /* Debug */ = {
			isa = XCBuildConfiguration;
			buildSettings = {
				ASSETCATALOG_COMPILER_APPICON_NAME = AppIcon;
				ASSETCATALOG_COMPILER_GLOBAL_ACCENT_COLOR_NAME = AccentColor;
				CODE_SIGN_STYLE = Automatic;
				CURRENT_PROJECT_VERSION = 1;
				GENERATE_INFOPLIST_FILE = YES;
				INFOPLIST_FILE = MVVMCStudy/Info.plist;
				INFOPLIST_KEY_UIApplicationSupportsIndirectInputEvents = YES;
				INFOPLIST_KEY_UILaunchStoryboardName = LaunchScreen;
				INFOPLIST_KEY_UIMainStoryboardFile = Main;
				INFOPLIST_KEY_UISupportedInterfaceOrientations_iPad = "UIInterfaceOrientationPortrait UIInterfaceOrientationPortraitUpsideDown UIInterfaceOrientationLandscapeLeft UIInterfaceOrientationLandscapeRight";
				INFOPLIST_KEY_UISupportedInterfaceOrientations_iPhone = "UIInterfaceOrientationPortrait UIInterfaceOrientationLandscapeLeft UIInterfaceOrientationLandscapeRight";
				LD_RUNPATH_SEARCH_PATHS = (
					"$(inherited)",
					"@executable_path/Frameworks",
				);
				MARKETING_VERSION = 1.0;
				PRODUCT_BUNDLE_IDENTIFIER = TC.MVVMCStudy;
				PRODUCT_NAME = "$(TARGET_NAME)";
				SWIFT_EMIT_LOC_STRINGS = YES;
				SWIFT_VERSION = 5.0;
				TARGETED_DEVICE_FAMILY = "1,2";
			};
			name = Debug;
		};
		F63395642D812CC800E1BBF6 /* Release */ = {
			isa = XCBuildConfiguration;
			buildSettings = {
				ASSETCATALOG_COMPILER_APPICON_NAME = AppIcon;
				ASSETCATALOG_COMPILER_GLOBAL_ACCENT_COLOR_NAME = AccentColor;
				CODE_SIGN_STYLE = Automatic;
				CURRENT_PROJECT_VERSION = 1;
				GENERATE_INFOPLIST_FILE = YES;
				INFOPLIST_FILE = MVVMCStudy/Info.plist;
				INFOPLIST_KEY_UIApplicationSupportsIndirectInputEvents = YES;
				INFOPLIST_KEY_UILaunchStoryboardName = LaunchScreen;
				INFOPLIST_KEY_UIMainStoryboardFile = Main;
				INFOPLIST_KEY_UISupportedInterfaceOrientations_iPad = "UIInterfaceOrientationPortrait UIInterfaceOrientationPortraitUpsideDown UIInterfaceOrientationLandscapeLeft UIInterfaceOrientationLandscapeRight";
				INFOPLIST_KEY_UISupportedInterfaceOrientations_iPhone = "UIInterfaceOrientationPortrait UIInterfaceOrientationLandscapeLeft UIInterfaceOrientationLandscapeRight";
				LD_RUNPATH_SEARCH_PATHS = (
					"$(inherited)",
					"@executable_path/Frameworks",
				);
				MARKETING_VERSION = 1.0;
				PRODUCT_BUNDLE_IDENTIFIER = TC.MVVMCStudy;
				PRODUCT_NAME = "$(TARGET_NAME)";
				SWIFT_EMIT_LOC_STRINGS = YES;
				SWIFT_VERSION = 5.0;
				TARGETED_DEVICE_FAMILY = "1,2";
			};
			name = Release;
		};
		F63395652D812CC800E1BBF6 /* Debug */ = {
			isa = XCBuildConfiguration;
			buildSettings = {
				ALWAYS_SEARCH_USER_PATHS = NO;
				ASSETCATALOG_COMPILER_GENERATE_SWIFT_ASSET_SYMBOL_EXTENSIONS = YES;
				CLANG_ANALYZER_NONNULL = YES;
				CLANG_ANALYZER_NUMBER_OBJECT_CONVERSION = YES_AGGRESSIVE;
				CLANG_CXX_LANGUAGE_STANDARD = "gnu++20";
				CLANG_ENABLE_MODULES = YES;
				CLANG_ENABLE_OBJC_ARC = YES;
				CLANG_ENABLE_OBJC_WEAK = YES;
				CLANG_WARN_BLOCK_CAPTURE_AUTORELEASING = YES;
				CLANG_WARN_BOOL_CONVERSION = YES;
				CLANG_WARN_COMMA = YES;
				CLANG_WARN_CONSTANT_CONVERSION = YES;
				CLANG_WARN_DEPRECATED_OBJC_IMPLEMENTATIONS = YES;
				CLANG_WARN_DIRECT_OBJC_ISA_USAGE = YES_ERROR;
				CLANG_WARN_DOCUMENTATION_COMMENTS = YES;
				CLANG_WARN_EMPTY_BODY = YES;
				CLANG_WARN_ENUM_CONVERSION = YES;
				CLANG_WARN_INFINITE_RECURSION = YES;
				CLANG_WARN_INT_CONVERSION = YES;
				CLANG_WARN_NON_LITERAL_NULL_CONVERSION = YES;
				CLANG_WARN_OBJC_IMPLICIT_RETAIN_SELF = YES;
				CLANG_WARN_OBJC_LITERAL_CONVERSION = YES;
				CLANG_WARN_OBJC_ROOT_CLASS = YES_ERROR;
				CLANG_WARN_QUOTED_INCLUDE_IN_FRAMEWORK_HEADER = YES;
				CLANG_WARN_RANGE_LOOP_ANALYSIS = YES;
				CLANG_WARN_STRICT_PROTOTYPES = YES;
				CLANG_WARN_SUSPICIOUS_MOVE = YES;
				CLANG_WARN_UNGUARDED_AVAILABILITY = YES_AGGRESSIVE;
				CLANG_WARN_UNREACHABLE_CODE = YES;
				CLANG_WARN__DUPLICATE_METHOD_MATCH = YES;
				COPY_PHASE_STRIP = NO;
				DEBUG_INFORMATION_FORMAT = dwarf;
				ENABLE_STRICT_OBJC_MSGSEND = YES;
				ENABLE_TESTABILITY = YES;
				ENABLE_USER_SCRIPT_SANDBOXING = YES;
				GCC_C_LANGUAGE_STANDARD = gnu17;
				GCC_DYNAMIC_NO_PIC = NO;
				GCC_NO_COMMON_BLOCKS = YES;
				GCC_OPTIMIZATION_LEVEL = 0;
				GCC_PREPROCESSOR_DEFINITIONS = (
					"DEBUG=1",
					"$(inherited)",
				);
				GCC_WARN_64_TO_32_BIT_CONVERSION = YES;
				GCC_WARN_ABOUT_RETURN_TYPE = YES_ERROR;
				GCC_WARN_UNDECLARED_SELECTOR = YES;
				GCC_WARN_UNINITIALIZED_AUTOS = YES_AGGRESSIVE;
				GCC_WARN_UNUSED_FUNCTION = YES;
				GCC_WARN_UNUSED_VARIABLE = YES;
				IPHONEOS_DEPLOYMENT_TARGET = 18.2;
				LOCALIZATION_PREFERS_STRING_CATALOGS = YES;
				MTL_ENABLE_DEBUG_INFO = INCLUDE_SOURCE;
				MTL_FAST_MATH = YES;
				ONLY_ACTIVE_ARCH = YES;
				SDKROOT = iphoneos;
				SWIFT_ACTIVE_COMPILATION_CONDITIONS = "DEBUG $(inherited)";
				SWIFT_OPTIMIZATION_LEVEL = "-Onone";
			};
			name = Debug;
		};
		F63395662D812CC800E1BBF6 /* Release */ = {
			isa = XCBuildConfiguration;
			buildSettings = {
				ALWAYS_SEARCH_USER_PATHS = NO;
				ASSETCATALOG_COMPILER_GENERATE_SWIFT_ASSET_SYMBOL_EXTENSIONS = YES;
				CLANG_ANALYZER_NONNULL = YES;
				CLANG_ANALYZER_NUMBER_OBJECT_CONVERSION = YES_AGGRESSIVE;
				CLANG_CXX_LANGUAGE_STANDARD = "gnu++20";
				CLANG_ENABLE_MODULES = YES;
				CLANG_ENABLE_OBJC_ARC = YES;
				CLANG_ENABLE_OBJC_WEAK = YES;
				CLANG_WARN_BLOCK_CAPTURE_AUTORELEASING = YES;
				CLANG_WARN_BOOL_CONVERSION = YES;
				CLANG_WARN_COMMA = YES;
				CLANG_WARN_CONSTANT_CONVERSION = YES;
				CLANG_WARN_DEPRECATED_OBJC_IMPLEMENTATIONS = YES;
				CLANG_WARN_DIRECT_OBJC_ISA_USAGE = YES_ERROR;
				CLANG_WARN_DOCUMENTATION_COMMENTS = YES;
				CLANG_WARN_EMPTY_BODY = YES;
				CLANG_WARN_ENUM_CONVERSION = YES;
				CLANG_WARN_INFINITE_RECURSION = YES;
				CLANG_WARN_INT_CONVERSION = YES;
				CLANG_WARN_NON_LITERAL_NULL_CONVERSION = YES;
				CLANG_WARN_OBJC_IMPLICIT_RETAIN_SELF = YES;
				CLANG_WARN_OBJC_LITERAL_CONVERSION = YES;
				CLANG_WARN_OBJC_ROOT_CLASS = YES_ERROR;
				CLANG_WARN_QUOTED_INCLUDE_IN_FRAMEWORK_HEADER = YES;
				CLANG_WARN_RANGE_LOOP_ANALYSIS = YES;
				CLANG_WARN_STRICT_PROTOTYPES = YES;
				CLANG_WARN_SUSPICIOUS_MOVE = YES;
				CLANG_WARN_UNGUARDED_AVAILABILITY = YES_AGGRESSIVE;
				CLANG_WARN_UNREACHABLE_CODE = YES;
				CLANG_WARN__DUPLICATE_METHOD_MATCH = YES;
				COPY_PHASE_STRIP = NO;
				DEBUG_INFORMATION_FORMAT = "dwarf-with-dsym";
				ENABLE_NS_ASSERTIONS = NO;
				ENABLE_STRICT_OBJC_MSGSEND = YES;
				ENABLE_USER_SCRIPT_SANDBOXING = YES;
				GCC_C_LANGUAGE_STANDARD = gnu17;
				GCC_NO_COMMON_BLOCKS = YES;
				GCC_WARN_64_TO_32_BIT_CONVERSION = YES;
				GCC_WARN_ABOUT_RETURN_TYPE = YES_ERROR;
				GCC_WARN_UNDECLARED_SELECTOR = YES;
				GCC_WARN_UNINITIALIZED_AUTOS = YES_AGGRESSIVE;
				GCC_WARN_UNUSED_FUNCTION = YES;
				GCC_WARN_UNUSED_VARIABLE = YES;
				IPHONEOS_DEPLOYMENT_TARGET = 18.2;
				LOCALIZATION_PREFERS_STRING_CATALOGS = YES;
				MTL_ENABLE_DEBUG_INFO = NO;
				MTL_FAST_MATH = YES;
				SDKROOT = iphoneos;
				SWIFT_COMPILATION_MODE = wholemodule;
				VALIDATE_PRODUCT = YES;
			};
			name = Release;
		};
		F63395682D812CC800E1BBF6 /* Debug */ = {
			isa = XCBuildConfiguration;
			buildSettings = {
				BUNDLE_LOADER = "$(TEST_HOST)";
				CODE_SIGN_STYLE = Automatic;
				CURRENT_PROJECT_VERSION = 1;
				GENERATE_INFOPLIST_FILE = YES;
				IPHONEOS_DEPLOYMENT_TARGET = 18.2;
				MARKETING_VERSION = 1.0;
				PRODUCT_BUNDLE_IDENTIFIER = TC.MVVMCStudyTests;
				PRODUCT_NAME = "$(TARGET_NAME)";
				SWIFT_EMIT_LOC_STRINGS = NO;
				SWIFT_VERSION = 5.0;
				TARGETED_DEVICE_FAMILY = "1,2";
				TEST_HOST = "$(BUILT_PRODUCTS_DIR)/MVVMCStudy.app/$(BUNDLE_EXECUTABLE_FOLDER_PATH)/MVVMCStudy";
			};
			name = Debug;
		};
		F63395692D812CC800E1BBF6 /* Release */ = {
			isa = XCBuildConfiguration;
			buildSettings = {
				BUNDLE_LOADER = "$(TEST_HOST)";
				CODE_SIGN_STYLE = Automatic;
				CURRENT_PROJECT_VERSION = 1;
				GENERATE_INFOPLIST_FILE = YES;
				IPHONEOS_DEPLOYMENT_TARGET = 18.2;
				MARKETING_VERSION = 1.0;
				PRODUCT_BUNDLE_IDENTIFIER = TC.MVVMCStudyTests;
				PRODUCT_NAME = "$(TARGET_NAME)";
				SWIFT_EMIT_LOC_STRINGS = NO;
				SWIFT_VERSION = 5.0;
				TARGETED_DEVICE_FAMILY = "1,2";
				TEST_HOST = "$(BUILT_PRODUCTS_DIR)/MVVMCStudy.app/$(BUNDLE_EXECUTABLE_FOLDER_PATH)/MVVMCStudy";
			};
			name = Release;
		};
		F633956B2D812CC800E1BBF6 /* Debug */ = {
			isa = XCBuildConfiguration;
			buildSettings = {
				CODE_SIGN_STYLE = Automatic;
				CURRENT_PROJECT_VERSION = 1;
				GENERATE_INFOPLIST_FILE = YES;
				MARKETING_VERSION = 1.0;
				PRODUCT_BUNDLE_IDENTIFIER = TC.MVVMCStudyUITests;
				PRODUCT_NAME = "$(TARGET_NAME)";
				SWIFT_EMIT_LOC_STRINGS = NO;
				SWIFT_VERSION = 5.0;
				TARGETED_DEVICE_FAMILY = "1,2";
				TEST_TARGET_NAME = MVVMCStudy;
			};
			name = Debug;
		};
		F633956C2D812CC800E1BBF6 /* Release */ = {
			isa = XCBuildConfiguration;
			buildSettings = {
				CODE_SIGN_STYLE = Automatic;
				CURRENT_PROJECT_VERSION = 1;
				GENERATE_INFOPLIST_FILE = YES;
				MARKETING_VERSION = 1.0;
				PRODUCT_BUNDLE_IDENTIFIER = TC.MVVMCStudyUITests;
				PRODUCT_NAME = "$(TARGET_NAME)";
				SWIFT_EMIT_LOC_STRINGS = NO;
				SWIFT_VERSION = 5.0;
				TARGETED_DEVICE_FAMILY = "1,2";
				TEST_TARGET_NAME = MVVMCStudy;
			};
			name = Release;
		};
/* End XCBuildConfiguration section */

/* Begin XCConfigurationList section */
		F63395342D812CC700E1BBF6 /* Build configuration list for PBXProject "MVVMCStudy" */ = {
			isa = XCConfigurationList;
			buildConfigurations = (
				F63395652D812CC800E1BBF6 /* Debug */,
				F63395662D812CC800E1BBF6 /* Release */,
			);
			defaultConfigurationIsVisible = 0;
			defaultConfigurationName = Release;
		};
		F63395622D812CC800E1BBF6 /* Build configuration list for PBXNativeTarget "MVVMCStudy" */ = {
			isa = XCConfigurationList;
			buildConfigurations = (
				F63395632D812CC800E1BBF6 /* Debug */,
				F63395642D812CC800E1BBF6 /* Release */,
			);
			defaultConfigurationIsVisible = 0;
			defaultConfigurationName = Release;
		};
		F63395672D812CC800E1BBF6 /* Build configuration list for PBXNativeTarget "MVVMCStudyTests" */ = {
			isa = XCConfigurationList;
			buildConfigurations = (
				F63395682D812CC800E1BBF6 /* Debug */,
				F63395692D812CC800E1BBF6 /* Release */,
			);
			defaultConfigurationIsVisible = 0;
			defaultConfigurationName = Release;
		};
		F633956A2D812CC800E1BBF6 /* Build configuration list for PBXNativeTarget "MVVMCStudyUITests" */ = {
			isa = XCConfigurationList;
			buildConfigurations = (
				F633956B2D812CC800E1BBF6 /* Debug */,
				F633956C2D812CC800E1BBF6 /* Release */,
			);
			defaultConfigurationIsVisible = 0;
			defaultConfigurationName = Release;
		};
/* End XCConfigurationList section */
	};
	rootObject = F63395312D812CC700E1BBF6 /* Project object */;
}
